
Microsoft Visual Studio Solution File, Format Version 12.00
# Visual Studio Version 17
VisualStudioVersion = 17.5.002.0
MinimumVisualStudioVersion = 10.0.40219.1
Project("{9A19103F-16F7-4668-BE54-9A1E7A4F7556}") = "MusicBoxSynchronizer", "MusicBoxSynchronizer.csproj", "{34D0DF95-AD28-48E2-B62F-589310EB69B8}"
EndProject
Global
	GlobalSection(SolutionConfigurationPlatforms) = preSolution
		Debug|Any CPU = Debug|Any CPU
		Release|Any CPU = Release|Any CPU
	EndGlobalSection
	GlobalSection(ProjectConfigurationPlatforms) = postSolution
		{34D0DF95-AD28-48E2-B62F-589310EB69B8}.Debug|Any CPU.ActiveCfg = Debug|Any CPU
		{34D0DF95-AD28-48E2-B62F-589310EB69B8}.Debug|Any CPU.Build.0 = Debug|Any CPU
		{34D0DF95-AD28-48E2-B62F-589310EB69B8}.Release|Any CPU.ActiveCfg = Release|Any CPU
		{34D0DF95-AD28-48E2-B62F-589310EB69B8}.Release|Any CPU.Build.0 = Release|Any CPU
	EndGlobalSection
	GlobalSection(SolutionProperties) = preSolution
		HideSolutionNode = FALSE
	EndGlobalSection
	GlobalSection(ExtensibilityGlobals) = postSolution
		SolutionGuid = {D086DAB1-DDFC-41A1-A095-DBF22F0E02B7}
	EndGlobalSection
EndGlobal
